
Microsoft Visual Studio Solution File, Format Version 12.00
# Visual Studio Version 17
VisualStudioVersion = 17.8.34511.84
MinimumVisualStudioVersion = 10.0.40219.1
Project("{FAE04EC0-301F-11D3-BF4B-00C04F79EFBC}") = "Without Coach", "Without Coach.csproj", "{D98C5A79-95A6-4E25-8436-66E12CB81FAD}"
EndProject
Global
	GlobalSection(SolutionConfigurationPlatforms) = preSolution
		Debug|Any CPU = Debug|Any CPU
		Release|Any CPU = Release|Any CPU
	EndGlobalSection
	GlobalSection(ProjectConfigurationPlatforms) = postSolution
		{D98C5A79-95A6-4E25-8436-66E12CB81FAD}.Debug|Any CPU.ActiveCfg = Debug|Any CPU
		{D98C5A79-95A6-4E25-8436-66E12CB81FAD}.Debug|Any CPU.Build.0 = Debug|Any CPU
		{D98C5A79-95A6-4E25-8436-66E12CB81FAD}.Release|Any CPU.ActiveCfg = Release|Any CPU
		{D98C5A79-95A6-4E25-8436-66E12CB81FAD}.Release|Any CPU.Build.0 = Release|Any CPU
	EndGlobalSection
	GlobalSection(SolutionProperties) = preSolution
		HideSolutionNode = FALSE
	EndGlobalSection
	GlobalSection(ExtensibilityGlobals) = postSolution
		SolutionGuid = {D7D4370D-BF5A-4330-9751-FD47542BE623}
	EndGlobalSection
EndGlobal
